version = 1
revision = 3
requires-python = ">=3.9"
resolution-markers = [
    "python_full_version >= '3.10'",
    "python_full_version < '3.10'",
]

[[package]]
name = "memgraph-ha-connect"
version = "0.1.0"
source = { virtual = "." }
dependencies = [
    { name = "neo4j", version = "5.28.4", source = { registry = "https://pypi.org/simple" }, marker = "python_full_version < '3.10'" },
    { name = "neo4j", version = "6.2.0", source = { registry = "https://pypi.org/simple" }, marker = "python_full_version >= '3.10'" },
]

[package.metadata]
requires-dist = [{ name = "neo4j", specifier = ">=5.0" }]

[[package]]
name = "neo4j"
version = "5.28.4"
source = { registry = "https://pypi.org/simple" }
resolution-markers = [
    "python_full_version < '3.10'",
]
dependencies = [
    { name = "pytz", marker = "python_full_version < '3.10'" },
]
sdist = { url = "https://files.pythonhosted.org/packages/62/aa/83baca8f9e5e5ba1a00722067a4bf3c088c5c02019a7b485e94c8cf05d39/neo4j-5.28.4.tar.gz", hash = "sha256:4a2d8d6eb8c2da0bc87a30e96e2c179fbc0045665626482901ca3dcc9c2b1811", size = 232608, upload-time = "2026-05-04T08:00:55.426Z" }
wheels = [
    { url = "https://files.pythonhosted.org/packages/d9/fd/d46f29f4089a00a7d4894f5e1739288c2a42622b72ea7161a226b73ff4fa/neo4j-5.28.4-py3-none-any.whl", hash = "sha256:ba87c423fd2a1fbe6a116c47ac96cfbe7d8c419d24d2f5611e5674283dddf7b9", size = 313927, upload-time = "2026-05-04T08:00:52.005Z" },
]

[[package]]
name = "neo4j"
version = "6.2.0"
source = { registry = "https://pypi.org/simple" }
resolution-markers = [
    "python_full_version >= '3.10'",
]
dependencies = [
    { name = "pytz", marker = "python_full_version >= '3.10'" },
]
sdist = { url = "https://files.pythonhosted.org/packages/ce/f4/aaa4ac19adae4b01bc742b63afd2672a77e7351566f02721e713e4b863ee/neo4j-6.2.0.tar.gz", hash = "sha256:e1e246b65b572bd8ea97f9e0e721b7d40a5ce53e53d0007c29aef63e4f9124d9", size = 241459, upload-time = "2026-05-04T07:35:41.428Z" }
wheels = [
    { url = "https://files.pythonhosted.org/packages/e6/cf/1c3795866cefaac6e648d4e98c373cafd97810f6e317c307371007ab4abb/neo4j-6.2.0-py3-none-any.whl", hash = "sha256:b87abdd13a5cc2e3bd51026926c2f20ac38fa3febe98c340520dce19e97388d0", size = 327824, upload-time = "2026-05-04T07:35:39.604Z" },
]

[[package]]
name = "pytz"
version = "2026.2"
source = { registry = "https://pypi.org/simple" }
sdist = { url = "https://files.pythonhosted.org/packages/ff/46/dd499ec9038423421951e4fad73051febaa13d2df82b4064f87af8b8c0c3/pytz-2026.2.tar.gz", hash = "sha256:0e60b47b29f21574376f218fe21abc009894a2321ea16c6754f3cad6eb7cdd6a", size = 320861, upload-time = "2026-05-04T01:35:29.667Z" }
wheels = [
    { url = "https://files.pythonhosted.org/packages/ec/dd/96da98f892250475bdf2328112d7468abdd4acc7b902b6af23f4ed958ea0/pytz-2026.2-py2.py3-none-any.whl", hash = "sha256:04156e608bee23d3792fd45c94ae47fae1036688e75032eea2e3bf0323d1f126", size = 510141, upload-time = "2026-05-04T01:35:27.408Z" },
]
